
Microsoft Visual Studio Solution File, Format Version 12.00
# Visual Studio Version 17
VisualStudioVersion = 17.2.32616.157
MinimumVisualStudioVersion = 10.0.40219.1
Project("{FAE04EC0-301F-11D3-BF4B-00C04F79EFBC}") = "ProjetEchec", "ProjetEchec\ProjetEchec.csproj", "{1B90B0A6-6B56-47F9-9451-A837C7B14C46}"
EndProject
Project("{FAE04EC0-301F-11D3-BF4B-00C04F79EFBC}") = "ProjetEchecDAL", "ProjetEchecDAL\ProjetEchecDAL.csproj", "{F650AF9E-DF34-4533-815E-F9D7529763EF}"
EndProject
Global
	GlobalSection(SolutionConfigurationPlatforms) = preSolution
		Debug|Any CPU = Debug|Any CPU
		Release|Any CPU = Release|Any CPU
	EndGlobalSection
	GlobalSection(ProjectConfigurationPlatforms) = postSolution
		{1B90B0A6-6B56-47F9-9451-A837C7B14C46}.Debug|Any CPU.ActiveCfg = Debug|Any CPU
		{1B90B0A6-6B56-47F9-9451-A837C7B14C46}.Debug|Any CPU.Build.0 = Debug|Any CPU
		{1B90B0A6-6B56-47F9-9451-A837C7B14C46}.Release|Any CPU.ActiveCfg = Release|Any CPU
		{1B90B0A6-6B56-47F9-9451-A837C7B14C46}.Release|Any CPU.Build.0 = Release|Any CPU
		{F650AF9E-DF34-4533-815E-F9D7529763EF}.Debug|Any CPU.ActiveCfg = Debug|Any CPU
		{F650AF9E-DF34-4533-815E-F9D7529763EF}.Debug|Any CPU.Build.0 = Debug|Any CPU
		{F650AF9E-DF34-4533-815E-F9D7529763EF}.Release|Any CPU.ActiveCfg = Release|Any CPU
		{F650AF9E-DF34-4533-815E-F9D7529763EF}.Release|Any CPU.Build.0 = Release|Any CPU
	EndGlobalSection
	GlobalSection(SolutionProperties) = preSolution
		HideSolutionNode = FALSE
	EndGlobalSection
	GlobalSection(ExtensibilityGlobals) = postSolution
		SolutionGuid = {12FE8647-4D7D-4A4F-9ED2-B1DF00FDCC8E}
	EndGlobalSection
EndGlobal
